
Microsoft Visual Studio Solution File, Format Version 12.00
# Visual Studio Version 17
VisualStudioVersion = 17.8.34212.112
MinimumVisualStudioVersion = 10.0.40219.1
Project("{9A19103F-16F7-4668-BE54-9A1E7A4F7556}") = "BulkyWeb", "BulkyWeb\BulkyWeb.csproj", "{728E5B61-5820-499F-9E85-9F6134E3A2B1}"
EndProject
Project("{FAE04EC0-301F-11D3-BF4B-00C04F79EFBC}") = "Bulky.DataAccess", "Bulky.DataAccess\Bulky.DataAccess.csproj", "{FDA461FF-6EAC-400F-BB7D-F6821D0A62C0}"
EndProject
Project("{FAE04EC0-301F-11D3-BF4B-00C04F79EFBC}") = "Bulky.Models", "Bulky.Models\Bulky.Models.csproj", "{3A483580-87E8-4004-ADCC-B212D47C5C98}"
EndProject
Project("{FAE04EC0-301F-11D3-BF4B-00C04F79EFBC}") = "Bulky.Utility", "Bulky.Utility\Bulky.Utility.csproj", "{1D8A0AF3-32A5-48BA-A10B-0A3276C1C7E2}"
EndProject
Global
	GlobalSection(SolutionConfigurationPlatforms) = preSolution
		Debug|Any CPU = Debug|Any CPU
		Release|Any CPU = Release|Any CPU
	EndGlobalSection
	GlobalSection(ProjectConfigurationPlatforms) = postSolution
		{728E5B61-5820-499F-9E85-9F6134E3A2B1}.Debug|Any CPU.ActiveCfg = Debug|Any CPU
		{728E5B61-5820-499F-9E85-9F6134E3A2B1}.Debug|Any CPU.Build.0 = Debug|Any CPU
		{728E5B61-5820-499F-9E85-9F6134E3A2B1}.Release|Any CPU.ActiveCfg = Release|Any CPU
		{728E5B61-5820-499F-9E85-9F6134E3A2B1}.Release|Any CPU.Build.0 = Release|Any CPU
		{FDA461FF-6EAC-400F-BB7D-F6821D0A62C0}.Debug|Any CPU.ActiveCfg = Debug|Any CPU
		{FDA461FF-6EAC-400F-BB7D-F6821D0A62C0}.Debug|Any CPU.Build.0 = Debug|Any CPU
		{FDA461FF-6EAC-400F-BB7D-F6821D0A62C0}.Release|Any CPU.ActiveCfg = Release|Any CPU
		{FDA461FF-6EAC-400F-BB7D-F6821D0A62C0}.Release|Any CPU.Build.0 = Release|Any CPU
		{3A483580-87E8-4004-ADCC-B212D47C5C98}.Debug|Any CPU.ActiveCfg = Debug|Any CPU
		{3A483580-87E8-4004-ADCC-B212D47C5C98}.Debug|Any CPU.Build.0 = Debug|Any CPU
		{3A483580-87E8-4004-ADCC-B212D47C5C98}.Release|Any CPU.ActiveCfg = Release|Any CPU
		{3A483580-87E8-4004-ADCC-B212D47C5C98}.Release|Any CPU.Build.0 = Release|Any CPU
		{1D8A0AF3-32A5-48BA-A10B-0A3276C1C7E2}.Debug|Any CPU.ActiveCfg = Debug|Any CPU
		{1D8A0AF3-32A5-48BA-A10B-0A3276C1C7E2}.Debug|Any CPU.Build.0 = Debug|Any CPU
		{1D8A0AF3-32A5-48BA-A10B-0A3276C1C7E2}.Release|Any CPU.ActiveCfg = Release|Any CPU
		{1D8A0AF3-32A5-48BA-A10B-0A3276C1C7E2}.Release|Any CPU.Build.0 = Release|Any CPU
	EndGlobalSection
	GlobalSection(SolutionProperties) = preSolution
		HideSolutionNode = FALSE
	EndGlobalSection
	GlobalSection(ExtensibilityGlobals) = postSolution
		SolutionGuid = {74C2B2D6-D843-46F1-A156-C9D8B9256250}
	EndGlobalSection
EndGlobal
